// !$*UTF8*$!
{
	archiveVersion = 1;
	classes = {
	};
	objectVersion = 56;
	objects = {

/* Begin PBXBuildFile section */
		D94FC07D294D45F4004D4E08 /* User.xcdatamodeld in Sources */ = {isa = PBXBuildFile; fileRef = D94FC07B294D45F4004D4E08 /* User.xcdatamodeld */; };
		D94FC080294D483A004D4E08 /* BMIModel+CoreDataClass.swift in Sources */ = {isa = PBXBuildFile; fileRef = D94FC07E294D483A004D4E08 /* BMIModel+CoreDataClass.swift */; };
		D94FC081294D483A004D4E08 /* BMIModel+CoreDataProperties.swift in Sources */ = {isa = PBXBuildFile; fileRef = D94FC07F294D483A004D4E08 /* BMIModel+CoreDataProperties.swift */; };
		D965F983294D509200B918E7 /* TableViewCell.swift in Sources */ = {isa = PBXBuildFile; fileRef = D965F982294D509200B918E7 /* TableViewCell.swift */; };
		D977A06C294BD81B0019FE43 /* AppDelegate.swift in Sources */ = {isa = PBXBuildFile; fileRef = D977A06B294BD81B0019FE43 /* AppDelegate.swift */; };
		D977A06E294BD81B0019FE43 /* SceneDelegate.swift in Sources */ = {isa = PBXBuildFile; fileRef = D977A06D294BD81B0019FE43 /* SceneDelegate.swift */; };
		D977A070294BD81B0019FE43 /* ViewController.swift in Sources */ = {isa = PBXBuildFile; fileRef = D977A06F294BD81B0019FE43 /* ViewController.swift */; };
		D977A073294BD81B0019FE43 /* Main.storyboard in Resources */ = {isa = PBXBuildFile; fileRef = D977A071294BD81B0019FE43 /* Main.storyboard */; };
		D977A076294BD81B0019FE43 /* BMI_Calculator_Test_2.xcdatamodeld in Sources */ = {isa = PBXBuildFile; fileRef = D977A074294BD81B0019FE43 /* BMI_Calculator_Test_2.xcdatamodeld */; };
		D977A078294BD81B0019FE43 /* Assets.xcassets in Resources */ = {isa = PBXBuildFile; fileRef = D977A077294BD81B0019FE43 /* Assets.xcassets */; };
		D977A07B294BD81B0019FE43 /* LaunchScreen.storyboard in Resources */ = {isa = PBXBuildFile; fileRef = D977A079294BD81B0019FE43 /* LaunchScreen.storyboard */; };
		D9E3B456294D77DD00F15E14 /* DetailViewController.swift in Sources */ = {isa = PBXBuildFile; fileRef = D9E3B455294D77DD00F15E14 /* DetailViewController.swift */; };
		D9EEB903294C11AC00423AF6 /* PersonalInfoViewController.swift in Sources */ = {isa = PBXBuildFile; fileRef = D9EEB902294C11AC00423AF6 /* PersonalInfoViewController.swift */; };
/* End PBXBuildFile section */

/* Begin PBXFileReference section */
		D94FC07C294D45F4004D4E08 /* User.xcdatamodel */ = {isa = PBXFileReference; lastKnownFileType = wrapper.xcdatamodel; path = User.xcdatamodel; sourceTree = "<group>"; };
		D94FC07E294D483A004D4E08 /* BMIModel+CoreDataClass.swift */ = {isa = PBXFileReference; lastKnownFileType = sourcecode.swift; path = "BMIModel+CoreDataClass.swift"; sourceTree = "<group>"; };
		D94FC07F294D483A004D4E08 /* BMIModel+CoreDataProperties.swift */ = {isa = PBXFileReference; lastKnownFileType = sourcecode.swift; path = "BMIModel+CoreDataProperties.swift"; sourceTree = "<group>"; };
		D965F982294D509200B918E7 /* TableViewCell.swift */ = {isa = PBXFileReference; lastKnownFileType = sourcecode.swift; path = TableViewCell.swift; sourceTree = "<group>"; };
		D977A068294BD81B0019FE43 /* BMI Calculator Test 2.app */ = {isa = PBXFileReference; explicitFileType = wrapper.application; includeInIndex = 0; path = "BMI Calculator Test 2.app"; sourceTree = BUILT_PRODUCTS_DIR; };
		D977A06B294BD81B0019FE43 /* AppDelegate.swift */ = {isa = PBXFileReference; lastKnownFileType = sourcecode.swift; path = AppDelegate.swift; sourceTree = "<group>"; };
		D977A06D294BD81B0019FE43 /* SceneDelegate.swift */ = {isa = PBXFileReference; lastKnownFileType = sourcecode.swift; path = SceneDelegate.swift; sourceTree = "<group>"; };
		D977A06F294BD81B0019FE43 /* ViewController.swift */ = {isa = PBXFileReference; lastKnownFileType = sourcecode.swift; path = ViewController.swift; sourceTree = "<group>"; };
		D977A072294BD81B0019FE43 /* Base */ = {isa = PBXFileReference; lastKnownFileType = file.storyboard; name = Base; path = Base.lproj/Main.storyboard; sourceTree = "<group>"; };
		D977A075294BD81B0019FE43 /* BMI_Calculator_Test_2.xcdatamodel */ = {isa = PBXFileReference; lastKnownFileType = wrapper.xcdatamodel; path = BMI_Calculator_Test_2.xcdatamodel; sourceTree = "<group>"; };
		D977A077294BD81B0019FE43 /* Assets.xcassets */ = {isa = PBXFileReference; lastKnownFileType = folder.assetcatalog; path = Assets.xcassets; sourceTree = "<group>"; };
		D977A07A294BD81B0019FE43 /* Base */ = {isa = PBXFileReference; lastKnownFileType = file.storyboard; name = Base; path = Base.lproj/LaunchScreen.storyboard; sourceTree = "<group>"; };
		D977A07C294BD81B0019FE43 /* Info.plist */ = {isa = PBXFileReference; lastKnownFileType = text.plist.xml; path = Info.plist; sourceTree = "<group>"; };
		D9E3B455294D77DD00F15E14 /* DetailViewController.swift */ = {isa = PBXFileReference; lastKnownFileType = sourcecode.swift; path = DetailViewController.swift; sourceTree = "<group>"; };
		D9EEB902294C11AC00423AF6 /* PersonalInfoViewController.swift */ = {isa = PBXFileReference; lastKnownFileType = sourcecode.swift; path = PersonalInfoViewController.swift; sourceTree = "<group>"; };
/* End PBXFileReference section */

/* Begin PBXFrameworksBuildPhase section */
		D977A065294BD81B0019FE43 /* Frameworks */ = {
			isa = PBXFrameworksBuildPhase;
			buildActionMask = 2147483647;
			files = (
			);
			runOnlyForDeploymentPostprocessing = 0;
		};
/* End PBXFrameworksBuildPhase section */

/* Begin PBXGroup section */
		D977A05F294BD81B0019FE43 = {
			isa = PBXGroup;
			children = (
				D977A06A294BD81B0019FE43 /* BMI Calculator Test 2 */,
				D977A069294BD81B0019FE43 /* Products */,
			);
			sourceTree = "<group>";
		};
		D977A069294BD81B0019FE43 /* Products */ = {
			isa = PBXGroup;
			children = (
				D977A068294BD81B0019FE43 /* BMI Calculator Test 2.app */,
			);
			name = Products;
			sourceTree = "<group>";
		};
		D977A06A294BD81B0019FE43 /* BMI Calculator Test 2 */ = {
			isa = PBXGroup;
			children = (
				D977A06B294BD81B0019FE43 /* AppDelegate.swift */,
				D94FC07E294D483A004D4E08 /* BMIModel+CoreDataClass.swift */,
				D94FC07F294D483A004D4E08 /* BMIModel+CoreDataProperties.swift */,
				D977A06D294BD81B0019FE43 /* SceneDelegate.swift */,
				D977A06F294BD81B0019FE43 /* ViewController.swift */,
				D94FC07B294D45F4004D4E08 /* User.xcdatamodeld */,
				D9EEB902294C11AC00423AF6 /* PersonalInfoViewController.swift */,
				D977A071294BD81B0019FE43 /* Main.storyboard */,
				D9E3B455294D77DD00F15E14 /* DetailViewController.swift */,
				D977A077294BD81B0019FE43 /* Assets.xcassets */,
				D977A079294BD81B0019FE43 /* LaunchScreen.storyboard */,
				D977A07C294BD81B0019FE43 /* Info.plist */,
				D977A074294BD81B0019FE43 /* BMI_Calculator_Test_2.xcdatamodeld */,
				D965F982294D509200B918E7 /* TableViewCell.swift */,
			);
			path = "BMI Calculator Test 2";
			sourceTree = "<group>";
		};
/* End PBXGroup section */

/* Begin PBXNativeTarget section */
		D977A067294BD81B0019FE43 /* BMI Calculator Test 2 */ = {
			isa = PBXNativeTarget;
			buildConfigurationList = D977A07F294BD81B0019FE43 /* Build configuration list for PBXNativeTarget "BMI Calculator Test 2" */;
			buildPhases = (
				D977A064294BD81B0019FE43 /* Sources */,
				D977A065294BD81B0019FE43 /* Frameworks */,
				D977A066294BD81B0019FE43 /* Resources */,
			);
			buildRules = (
			);
			dependencies = (
			);
			name = "BMI Calculator Test 2";
			productName = "BMI Calculator Test 2";
			productReference = D977A068294BD81B0019FE43 /* BMI Calculator Test 2.app */;
			productType = "com.apple.product-type.application";
		};
/* End PBXNativeTarget section */

/* Begin PBXProject section */
		D977A060294BD81B0019FE43 /* Project object */ = {
			isa = PBXProject;
			attributes = {
				BuildIndependentTargetsInParallel = 1;
				LastSwiftUpdateCheck = 1410;
				LastUpgradeCheck = 1410;
				TargetAttributes = {
					D977A067294BD81B0019FE43 = {
						CreatedOnToolsVersion = 14.1;
					};
				};
			};
			buildConfigurationList = D977A063294BD81B0019FE43 /* Build configuration list for PBXProject "BMI Calculator Test 2" */;
			compatibilityVersion = "Xcode 14.0";
			developmentRegion = en;
			hasScannedForEncodings = 0;
			knownRegions = (
				en,
				Base,
			);
			mainGroup = D977A05F294BD81B0019FE43;
			productRefGroup = D977A069294BD81B0019FE43 /* Products */;
			projectDirPath = "";
			projectRoot = "";
			targets = (
				D977A067294BD81B0019FE43 /* BMI Calculator Test 2 */,
			);
		};
/* End PBXProject section */

/* Begin PBXResourcesBuildPhase section */
		D977A066294BD81B0019FE43 /* Resources */ = {
			isa = PBXResourcesBuildPhase;
			buildActionMask = 2147483647;
			files = (
				D977A07B294BD81B0019FE43 /* LaunchScreen.storyboard in Resources */,
				D977A078294BD81B0019FE43 /* Assets.xcassets in Resources */,
				D977A073294BD81B0019FE43 /* Main.storyboard in Resources */,
			);
			runOnlyForDeploymentPostprocessing = 0;
		};
/* End PBXResourcesBuildPhase section */

/* Begin PBXSourcesBuildPhase section */
		D977A064294BD81B0019FE43 /* Sources */ = {
			isa = PBXSourcesBuildPhase;
			buildActionMask = 2147483647;
			files = (
				D94FC081294D483A004D4E08 /* BMIModel+CoreDataProperties.swift in Sources */,
				D94FC080294D483A004D4E08 /* BMIModel+CoreDataClass.swift in Sources */,
				D94FC07D294D45F4004D4E08 /* User.xcdatamodeld in Sources */,
				D965F983294D509200B918E7 /* TableViewCell.swift in Sources */,
				D977A070294BD81B0019FE43 /* ViewController.swift in Sources */,
				D977A06C294BD81B0019FE43 /* AppDelegate.swift in Sources */,
				D9EEB903294C11AC00423AF6 /* PersonalInfoViewController.swift in Sources */,
				D9E3B456294D77DD00F15E14 /* DetailViewController.swift in Sources */,
				D977A06E294BD81B0019FE43 /* SceneDelegate.swift in Sources */,
				D977A076294BD81B0019FE43 /* BMI_Calculator_Test_2.xcdatamodeld in Sources */,
			);
			runOnlyForDeploymentPostprocessing = 0;
		};
/* End PBXSourcesBuildPhase section */

/* Begin PBXVariantGroup section */
		D977A071294BD81B0019FE43 /* Main.storyboard */ = {
			isa = PBXVariantGroup;
			children = (
				D977A072294BD81B0019FE43 /* Base */,
			);
			name = Main.storyboard;
			sourceTree = "<group>";
		};
		D977A079294BD81B0019FE43 /* LaunchScreen.storyboard */ = {
			isa = PBXVariantGroup;
			children = (
				D977A07A294BD81B0019FE43 /* Base */,
			);
			name = LaunchScreen.storyboard;
			sourceTree = "<group>";
		};
/* End PBXVariantGroup section */

/* Begin XCBuildConfiguration section */
		D977A07D294BD81B0019FE43 /* Debug */ = {
			isa = XCBuildConfiguration;
			buildSettings = {
				ALWAYS_SEARCH_USER_PATHS = NO;
				CLANG_ANALYZER_NONNULL = YES;
				CLANG_ANALYZER_NUMBER_OBJECT_CONVERSION = YES_AGGRESSIVE;
				CLANG_CXX_LANGUAGE_STANDARD = "gnu++20";
				CLANG_ENABLE_MODULES = YES;
				CLANG_ENABLE_OBJC_ARC = YES;
				CLANG_ENABLE_OBJC_WEAK = YES;
				CLANG_WARN_BLOCK_CAPTURE_AUTORELEASING = YES;
				CLANG_WARN_BOOL_CONVERSION = YES;
				CLANG_WARN_COMMA = YES;
				CLANG_WARN_CONSTANT_CONVERSION = YES;
				CLANG_WARN_DEPRECATED_OBJC_IMPLEMENTATIONS = YES;
				CLANG_WARN_DIRECT_OBJC_ISA_USAGE = YES_ERROR;
				CLANG_WARN_DOCUMENTATION_COMMENTS = YES;
				CLANG_WARN_EMPTY_BODY = YES;
				CLANG_WARN_ENUM_CONVERSION = YES;
				CLANG_WARN_INFINITE_RECURSION = YES;
				CLANG_WARN_INT_CONVERSION = YES;
				CLANG_WARN_NON_LITERAL_NULL_CONVERSION = YES;
				CLANG_WARN_OBJC_IMPLICIT_RETAIN_SELF = YES;
				CLANG_WARN_OBJC_LITERAL_CONVERSION = YES;
				CLANG_WARN_OBJC_ROOT_CLASS = YES_ERROR;
				CLANG_WARN_QUOTED_INCLUDE_IN_FRAMEWORK_HEADER = YES;
				CLANG_WARN_RANGE_LOOP_ANALYSIS = YES;
				CLANG_WARN_STRICT_PROTOTYPES = YES;
				CLANG_WARN_SUSPICIOUS_MOVE = YES;
				CLANG_WARN_UNGUARDED_AVAILABILITY = YES_AGGRESSIVE;
				CLANG_WARN_UNREACHABLE_CODE = YES;
				CLANG_WARN__DUPLICATE_METHOD_MATCH = YES;
				COPY_PHASE_STRIP = NO;
				DEBUG_INFORMATION_FORMAT = dwarf;
				ENABLE_STRICT_OBJC_MSGSEND = YES;
				ENABLE_TESTABILITY = YES;
				GCC_C_LANGUAGE_STANDARD = gnu11;
				GCC_DYNAMIC_NO_PIC = NO;
				GCC_NO_COMMON_BLOCKS = YES;
				GCC_OPTIMIZATION_LEVEL = 0;
				GCC_PREPROCESSOR_DEFINITIONS = (
					"DEBUG=1",
					"$(inherited)",
				);
				GCC_WARN_64_TO_32_BIT_CONVERSION = YES;
				GCC_WARN_ABOUT_RETURN_TYPE = YES_ERROR;
				GCC_WARN_UNDECLARED_SELECTOR = YES;
				GCC_WARN_UNINITIALIZED_AUTOS = YES_AGGRESSIVE;
				GCC_WARN_UNUSED_FUNCTION = YES;
				GCC_WARN_UNUSED_VARIABLE = YES;
				IPHONEOS_DEPLOYMENT_TARGET = 16.1;
				MTL_ENABLE_DEBUG_INFO = INCLUDE_SOURCE;
				MTL_FAST_MATH = YES;
				ONLY_ACTIVE_ARCH = YES;
				SDKROOT = iphoneos;
				SWIFT_ACTIVE_COMPILATION_CONDITIONS = DEBUG;
				SWIFT_OPTIMIZATION_LEVEL = "-Onone";
			};
			name = Debug;
		};
		D977A07E294BD81B0019FE43 /* Release */ = {
			isa = XCBuildConfiguration;
			buildSettings = {
				ALWAYS_SEARCH_USER_PATHS = NO;
				CLANG_ANALYZER_NONNULL = YES;
				CLANG_ANALYZER_NUMBER_OBJECT_CONVERSION = YES_AGGRESSIVE;
				CLANG_CXX_LANGUAGE_STANDARD = "gnu++20";
				CLANG_ENABLE_MODULES = YES;
				CLANG_ENABLE_OBJC_ARC = YES;
				CLANG_ENABLE_OBJC_WEAK = YES;
				CLANG_WARN_BLOCK_CAPTURE_AUTORELEASING = YES;
				CLANG_WARN_BOOL_CONVERSION = YES;
				CLANG_WARN_COMMA = YES;
				CLANG_WARN_CONSTANT_CONVERSION = YES;
				CLANG_WARN_DEPRECATED_OBJC_IMPLEMENTATIONS = YES;
				CLANG_WARN_DIRECT_OBJC_ISA_USAGE = YES_ERROR;
				CLANG_WARN_DOCUMENTATION_COMMENTS = YES;
				CLANG_WARN_EMPTY_BODY = YES;
				CLANG_WARN_ENUM_CONVERSION = YES;
				CLANG_WARN_INFINITE_RECURSION = YES;
				CLANG_WARN_INT_CONVERSION = YES;
				CLANG_WARN_NON_LITERAL_NULL_CONVERSION = YES;
				CLANG_WARN_OBJC_IMPLICIT_RETAIN_SELF = YES;
				CLANG_WARN_OBJC_LITERAL_CONVERSION = YES;
				CLANG_WARN_OBJC_ROOT_CLASS = YES_ERROR;
				CLANG_WARN_QUOTED_INCLUDE_IN_FRAMEWORK_HEADER = YES;
				CLANG_WARN_RANGE_LOOP_ANALYSIS = YES;
				CLANG_WARN_STRICT_PROTOTYPES = YES;
				CLANG_WARN_SUSPICIOUS_MOVE = YES;
				CLANG_WARN_UNGUARDED_AVAILABILITY = YES_AGGRESSIVE;
				CLANG_WARN_UNREACHABLE_CODE = YES;
				CLANG_WARN__DUPLICATE_METHOD_MATCH = YES;
				COPY_PHASE_STRIP = NO;
				DEBUG_INFORMATION_FORMAT = "dwarf-with-dsym";
				ENABLE_NS_ASSERTIONS = NO;
				ENABLE_STRICT_OBJC_MSGSEND = YES;
				GCC_C_LANGUAGE_STANDARD = gnu11;
				GCC_NO_COMMON_BLOCKS = YES;
				GCC_WARN_64_TO_32_BIT_CONVERSION = YES;
				GCC_WARN_ABOUT_RETURN_TYPE = YES_ERROR;
				GCC_WARN_UNDECLARED_SELECTOR = YES;
				GCC_WARN_UNINITIALIZED_AUTOS = YES_AGGRESSIVE;
				GCC_WARN_UNUSED_FUNCTION = YES;
				GCC_WARN_UNUSED_VARIABLE = YES;
				IPHONEOS_DEPLOYMENT_TARGET = 16.1;
				MTL_ENABLE_DEBUG_INFO = NO;
				MTL_FAST_MATH = YES;
				SDKROOT = iphoneos;
				SWIFT_COMPILATION_MODE = wholemodule;
				SWIFT_OPTIMIZATION_LEVEL = "-O";
				VALIDATE_PRODUCT = YES;
			};
			name = Release;
		};
		D977A080294BD81B0019FE43 /* Debug */ = {
			isa = XCBuildConfiguration;
			buildSettings = {
				ASSETCATALOG_COMPILER_APPICON_NAME = AppIcon;
				ASSETCATALOG_COMPILER_GLOBAL_ACCENT_COLOR_NAME = AccentColor;
				CODE_SIGN_STYLE = Automatic;
				CURRENT_PROJECT_VERSION = 1;
				GENERATE_INFOPLIST_FILE = YES;
				INFOPLIST_FILE = "BMI Calculator Test 2/Info.plist";
				INFOPLIST_KEY_UIApplicationSupportsIndirectInputEvents = YES;
				INFOPLIST_KEY_UILaunchStoryboardName = LaunchScreen;
				INFOPLIST_KEY_UIMainStoryboardFile = Main;
				INFOPLIST_KEY_UISupportedInterfaceOrientations_iPad = "UIInterfaceOrientationPortrait UIInterfaceOrientationPortraitUpsideDown UIInterfaceOrientationLandscapeLeft UIInterfaceOrientationLandscapeRight";
				INFOPLIST_KEY_UISupportedInterfaceOrientations_iPhone = "UIInterfaceOrientationPortrait UIInterfaceOrientationLandscapeLeft UIInterfaceOrientationLandscapeRight";
				LD_RUNPATH_SEARCH_PATHS = (
					"$(inherited)",
					"@executable_path/Frameworks",
				);
				MARKETING_VERSION = 1.0;
				PRODUCT_BUNDLE_IDENTIFIER = "niraj-nepal.BMI-Calculator-Test-2";
				PRODUCT_NAME = "$(TARGET_NAME)";
				SWIFT_EMIT_LOC_STRINGS = YES;
				SWIFT_VERSION = 5.0;
				TARGETED_DEVICE_FAMILY = "1,2";
			};
			name = Debug;
		};
		D977A081294BD81B0019FE43 /* Release */ = {
			isa = XCBuildConfiguration;
			buildSettings = {
				ASSETCATALOG_COMPILER_APPICON_NAME = AppIcon;
				ASSETCATALOG_COMPILER_GLOBAL_ACCENT_COLOR_NAME = AccentColor;
				CODE_SIGN_STYLE = Automatic;
				CURRENT_PROJECT_VERSION = 1;
				GENERATE_INFOPLIST_FILE = YES;
				INFOPLIST_FILE = "BMI Calculator Test 2/Info.plist";
				INFOPLIST_KEY_UIApplicationSupportsIndirectInputEvents = YES;
				INFOPLIST_KEY_UILaunchStoryboardName = LaunchScreen;
				INFOPLIST_KEY_UIMainStoryboardFile = Main;
				INFOPLIST_KEY_UISupportedInterfaceOrientations_iPad = "UIInterfaceOrientationPortrait UIInterfaceOrientationPortraitUpsideDown UIInterfaceOrientationLandscapeLeft UIInterfaceOrientationLandscapeRight";
				INFOPLIST_KEY_UISupportedInterfaceOrientations_iPhone = "UIInterfaceOrientationPortrait UIInterfaceOrientationLandscapeLeft UIInterfaceOrientationLandscapeRight";
				LD_RUNPATH_SEARCH_PATHS = (
					"$(inherited)",
					"@executable_path/Frameworks",
				);
				MARKETING_VERSION = 1.0;
				PRODUCT_BUNDLE_IDENTIFIER = "niraj-nepal.BMI-Calculator-Test-2";
				PRODUCT_NAME = "$(TARGET_NAME)";
				SWIFT_EMIT_LOC_STRINGS = YES;
				SWIFT_VERSION = 5.0;
				TARGETED_DEVICE_FAMILY = "1,2";
			};
			name = Release;
		};
/* End XCBuildConfiguration section */

/* Begin XCConfigurationList section */
		D977A063294BD81B0019FE43 /* Build configuration list for PBXProject "BMI Calculator Test 2" */ = {
			isa = XCConfigurationList;
			buildConfigurations = (
				D977A07D294BD81B0019FE43 /* Debug */,
				D977A07E294BD81B0019FE43 /* Release */,
			);
			defaultConfigurationIsVisible = 0;
			defaultConfigurationName = Release;
		};
		D977A07F294BD81B0019FE43 /* Build configuration list for PBXNativeTarget "BMI Calculator Test 2" */ = {
			isa = XCConfigurationList;
			buildConfigurations = (
				D977A080294BD81B0019FE43 /* Debug */,
				D977A081294BD81B0019FE43 /* Release */,
			);
			defaultConfigurationIsVisible = 0;
			defaultConfigurationName = Release;
		};
/* End XCConfigurationList section */

/* Begin XCVersionGroup section */
		D94FC07B294D45F4004D4E08 /* User.xcdatamodeld */ = {
			isa = XCVersionGroup;
			children = (
				D94FC07C294D45F4004D4E08 /* User.xcdatamodel */,
			);
			currentVersion = D94FC07C294D45F4004D4E08 /* User.xcdatamodel */;
			path = User.xcdatamodeld;
			sourceTree = "<group>";
			versionGroupType = wrapper.xcdatamodel;
		};
		D977A074294BD81B0019FE43 /* BMI_Calculator_Test_2.xcdatamodeld */ = {
			isa = XCVersionGroup;
			children = (
				D977A075294BD81B0019FE43 /* BMI_Calculator_Test_2.xcdatamodel */,
			);
			currentVersion = D977A075294BD81B0019FE43 /* BMI_Calculator_Test_2.xcdatamodel */;
			path = BMI_Calculator_Test_2.xcdatamodeld;
			sourceTree = "<group>";
			versionGroupType = wrapper.xcdatamodel;
		};
/* End XCVersionGroup section */
	};
	rootObject = D977A060294BD81B0019FE43 /* Project object */;
}
